
Microsoft Visual Studio Solution File, Format Version 11.00
# Visual Studio 2010
Project("{FAE04EC0-301F-11D3-BF4B-00C04F79EFBC}") = "Assembly-CSharp", "Assembly-CSharp.csproj", "{9553D3F7-10D5-6959-16BD-E76E6DB2BBD6}"
EndProject
Project("{FAE04EC0-301F-11D3-BF4B-00C04F79EFBC}") = "Assembly-CSharp-Editor", "Assembly-CSharp-Editor.csproj", "{338E11CF-2630-2C37-132C-0CF56BD7D6F1}"
EndProject
Global
	GlobalSection(SolutionConfigurationPlatforms) = preSolution
		Debug|Any CPU = Debug|Any CPU
		Release|Any CPU = Release|Any CPU
	EndGlobalSection
	GlobalSection(ProjectConfigurationPlatforms) = postSolution
		{9553D3F7-10D5-6959-16BD-E76E6DB2BBD6}.Debug|Any CPU.ActiveCfg = Debug|Any CPU
		{9553D3F7-10D5-6959-16BD-E76E6DB2BBD6}.Debug|Any CPU.Build.0 = Debug|Any CPU
		{9553D3F7-10D5-6959-16BD-E76E6DB2BBD6}.Release|Any CPU.ActiveCfg = Release|Any CPU
		{9553D3F7-10D5-6959-16BD-E76E6DB2BBD6}.Release|Any CPU.Build.0 = Release|Any CPU
		{338E11CF-2630-2C37-132C-0CF56BD7D6F1}.Debug|Any CPU.ActiveCfg = Debug|Any CPU
		{338E11CF-2630-2C37-132C-0CF56BD7D6F1}.Debug|Any CPU.Build.0 = Debug|Any CPU
		{338E11CF-2630-2C37-132C-0CF56BD7D6F1}.Release|Any CPU.ActiveCfg = Release|Any CPU
		{338E11CF-2630-2C37-132C-0CF56BD7D6F1}.Release|Any CPU.Build.0 = Release|Any CPU
	EndGlobalSection
	GlobalSection(SolutionProperties) = preSolution
		HideSolutionNode = FALSE
	EndGlobalSection
	GlobalSection(MonoDevelopProperties) = preSolution
		StartupItem = Assembly-CSharp.csproj
	EndGlobalSection
EndGlobal
